
Microsoft Visual Studio Solution File, Format Version 12.00
# Visual Studio 2012
Project("{FAE04EC0-301F-11D3-BF4B-00C04F79EFBC}") = "Acute", "Acute\Acute.csproj", "{B7E3A9C4-8680-47C5-84BE-3530EB587DD1}"
EndProject
Project("{2150E333-8FDC-42A3-9474-1A3956D46DE8}") = ".nuget", ".nuget", "{2B0FDC80-2C1A-45C9-B2C7-940D785690D3}"
	ProjectSection(SolutionItems) = preProject
		.nuget\NuGet.Config = .nuget\NuGet.Config
		.nuget\NuGet.exe = .nuget\NuGet.exe
		.nuget\NuGet.targets = .nuget\NuGet.targets
	EndProjectSection
EndProject
Project("{2150E333-8FDC-42A3-9474-1A3956D46DE8}") = "Testing", "Testing", "{68344715-AA51-4898-AB1C-53A72456FB3E}"
EndProject
Project("{FAE04EC0-301F-11D3-BF4B-00C04F79EFBC}") = "Test.Scenarios", "Test.Scenarios\Test.Scenarios.csproj", "{E03C0662-1760-4A3E-A868-1B0C2E1CEDB1}"
EndProject
Project("{FAE04EC0-301F-11D3-BF4B-00C04F79EFBC}") = "Test.Jasmine", "Test.Jasmine\Test.Jasmine.csproj", "{0E319A42-1CFD-4557-8034-99ED1992CFEB}"
EndProject
Project("{FAE04EC0-301F-11D3-BF4B-00C04F79EFBC}") = "Acute.Compiler", "Acute.Compiler\Acute.Compiler.csproj", "{DF634B2A-4692-4E94-9C8F-A04B1FE1B168}"
EndProject
Project("{2150E333-8FDC-42A3-9474-1A3956D46DE8}") = "Saltarelle", "Saltarelle", "{12399114-C04B-42F7-88B1-146D2758D939}"
EndProject
Project("{FAE04EC0-301F-11D3-BF4B-00C04F79EFBC}") = "Saltarelle.Compiler", "..\submodules\saltarelle.compiler\Compiler\Saltarelle.Compiler\Saltarelle.Compiler.csproj", "{0B9DB3A8-CC8D-40AF-BC03-3D0BDA71AA19}"
EndProject
Project("{FAE04EC0-301F-11D3-BF4B-00C04F79EFBC}") = "SCExeWorker", "..\submodules\saltarelle.compiler\Compiler\SCExeWorker\SCExeWorker.csproj", "{7DFB28EE-5FDE-40E1-9E60-465B6C034F8F}"
EndProject
Project("{FAE04EC0-301F-11D3-BF4B-00C04F79EFBC}") = "CoreLib", "..\submodules\saltarelle.compiler\Runtime\CoreLib\CoreLib.csproj", "{36D4B098-A21C-4725-ACD3-400922885F38}"
EndProject
Project("{FAE04EC0-301F-11D3-BF4B-00C04F79EFBC}") = "CoreLib.Plugin", "..\submodules\saltarelle.compiler\Runtime\CoreLib.Plugin\CoreLib.Plugin.csproj", "{BB807B7F-FCFC-424C-B38F-74E8147245B6}"
EndProject
Global
	GlobalSection(SolutionConfigurationPlatforms) = preSolution
		Debug|Any CPU = Debug|Any CPU
		Debug|Mixed Platforms = Debug|Mixed Platforms
		Debug|x86 = Debug|x86
		Release|Any CPU = Release|Any CPU
		Release|Mixed Platforms = Release|Mixed Platforms
		Release|x86 = Release|x86
	EndGlobalSection
	GlobalSection(ProjectConfigurationPlatforms) = postSolution
		{B7E3A9C4-8680-47C5-84BE-3530EB587DD1}.Debug|Any CPU.ActiveCfg = Debug|Any CPU
		{B7E3A9C4-8680-47C5-84BE-3530EB587DD1}.Debug|Any CPU.Build.0 = Debug|Any CPU
		{B7E3A9C4-8680-47C5-84BE-3530EB587DD1}.Debug|Mixed Platforms.ActiveCfg = Debug|Any CPU
		{B7E3A9C4-8680-47C5-84BE-3530EB587DD1}.Debug|Mixed Platforms.Build.0 = Debug|Any CPU
		{B7E3A9C4-8680-47C5-84BE-3530EB587DD1}.Debug|x86.ActiveCfg = Debug|Any CPU
		{B7E3A9C4-8680-47C5-84BE-3530EB587DD1}.Release|Any CPU.ActiveCfg = Release|Any CPU
		{B7E3A9C4-8680-47C5-84BE-3530EB587DD1}.Release|Any CPU.Build.0 = Release|Any CPU
		{B7E3A9C4-8680-47C5-84BE-3530EB587DD1}.Release|Mixed Platforms.ActiveCfg = Release|Any CPU
		{B7E3A9C4-8680-47C5-84BE-3530EB587DD1}.Release|Mixed Platforms.Build.0 = Release|Any CPU
		{B7E3A9C4-8680-47C5-84BE-3530EB587DD1}.Release|x86.ActiveCfg = Release|Any CPU
		{E03C0662-1760-4A3E-A868-1B0C2E1CEDB1}.Debug|Any CPU.ActiveCfg = Debug|Any CPU
		{E03C0662-1760-4A3E-A868-1B0C2E1CEDB1}.Debug|Any CPU.Build.0 = Debug|Any CPU
		{E03C0662-1760-4A3E-A868-1B0C2E1CEDB1}.Debug|Mixed Platforms.ActiveCfg = Debug|Any CPU
		{E03C0662-1760-4A3E-A868-1B0C2E1CEDB1}.Debug|Mixed Platforms.Build.0 = Debug|Any CPU
		{E03C0662-1760-4A3E-A868-1B0C2E1CEDB1}.Debug|x86.ActiveCfg = Debug|Any CPU
		{E03C0662-1760-4A3E-A868-1B0C2E1CEDB1}.Release|Any CPU.ActiveCfg = Release|Any CPU
		{E03C0662-1760-4A3E-A868-1B0C2E1CEDB1}.Release|Any CPU.Build.0 = Release|Any CPU
		{E03C0662-1760-4A3E-A868-1B0C2E1CEDB1}.Release|Mixed Platforms.ActiveCfg = Release|Any CPU
		{E03C0662-1760-4A3E-A868-1B0C2E1CEDB1}.Release|Mixed Platforms.Build.0 = Release|Any CPU
		{E03C0662-1760-4A3E-A868-1B0C2E1CEDB1}.Release|x86.ActiveCfg = Release|Any CPU
		{0E319A42-1CFD-4557-8034-99ED1992CFEB}.Debug|Any CPU.ActiveCfg = Debug|Any CPU
		{0E319A42-1CFD-4557-8034-99ED1992CFEB}.Debug|Any CPU.Build.0 = Debug|Any CPU
		{0E319A42-1CFD-4557-8034-99ED1992CFEB}.Debug|Mixed Platforms.ActiveCfg = Debug|Any CPU
		{0E319A42-1CFD-4557-8034-99ED1992CFEB}.Debug|Mixed Platforms.Build.0 = Debug|Any CPU
		{0E319A42-1CFD-4557-8034-99ED1992CFEB}.Debug|x86.ActiveCfg = Debug|Any CPU
		{0E319A42-1CFD-4557-8034-99ED1992CFEB}.Release|Any CPU.ActiveCfg = Release|Any CPU
		{0E319A42-1CFD-4557-8034-99ED1992CFEB}.Release|Any CPU.Build.0 = Release|Any CPU
		{0E319A42-1CFD-4557-8034-99ED1992CFEB}.Release|Mixed Platforms.ActiveCfg = Release|Any CPU
		{0E319A42-1CFD-4557-8034-99ED1992CFEB}.Release|Mixed Platforms.Build.0 = Release|Any CPU
		{0E319A42-1CFD-4557-8034-99ED1992CFEB}.Release|x86.ActiveCfg = Release|Any CPU
		{DF634B2A-4692-4E94-9C8F-A04B1FE1B168}.Debug|Any CPU.ActiveCfg = Debug|Any CPU
		{DF634B2A-4692-4E94-9C8F-A04B1FE1B168}.Debug|Any CPU.Build.0 = Debug|Any CPU
		{DF634B2A-4692-4E94-9C8F-A04B1FE1B168}.Debug|Mixed Platforms.ActiveCfg = Debug|Any CPU
		{DF634B2A-4692-4E94-9C8F-A04B1FE1B168}.Debug|Mixed Platforms.Build.0 = Debug|Any CPU
		{DF634B2A-4692-4E94-9C8F-A04B1FE1B168}.Debug|x86.ActiveCfg = Debug|Any CPU
		{DF634B2A-4692-4E94-9C8F-A04B1FE1B168}.Release|Any CPU.ActiveCfg = Release|Any CPU
		{DF634B2A-4692-4E94-9C8F-A04B1FE1B168}.Release|Any CPU.Build.0 = Release|Any CPU
		{DF634B2A-4692-4E94-9C8F-A04B1FE1B168}.Release|Mixed Platforms.ActiveCfg = Release|Any CPU
		{DF634B2A-4692-4E94-9C8F-A04B1FE1B168}.Release|Mixed Platforms.Build.0 = Release|Any CPU
		{DF634B2A-4692-4E94-9C8F-A04B1FE1B168}.Release|x86.ActiveCfg = Release|Any CPU
		{0B9DB3A8-CC8D-40AF-BC03-3D0BDA71AA19}.Debug|Any CPU.ActiveCfg = Debug|Any CPU
		{0B9DB3A8-CC8D-40AF-BC03-3D0BDA71AA19}.Debug|Any CPU.Build.0 = Debug|Any CPU
		{0B9DB3A8-CC8D-40AF-BC03-3D0BDA71AA19}.Debug|Mixed Platforms.ActiveCfg = Debug|Any CPU
		{0B9DB3A8-CC8D-40AF-BC03-3D0BDA71AA19}.Debug|Mixed Platforms.Build.0 = Debug|Any CPU
		{0B9DB3A8-CC8D-40AF-BC03-3D0BDA71AA19}.Debug|x86.ActiveCfg = Debug|Any CPU
		{0B9DB3A8-CC8D-40AF-BC03-3D0BDA71AA19}.Release|Any CPU.ActiveCfg = Release|Any CPU
		{0B9DB3A8-CC8D-40AF-BC03-3D0BDA71AA19}.Release|Any CPU.Build.0 = Release|Any CPU
		{0B9DB3A8-CC8D-40AF-BC03-3D0BDA71AA19}.Release|Mixed Platforms.ActiveCfg = Release|Any CPU
		{0B9DB3A8-CC8D-40AF-BC03-3D0BDA71AA19}.Release|Mixed Platforms.Build.0 = Release|Any CPU
		{0B9DB3A8-CC8D-40AF-BC03-3D0BDA71AA19}.Release|x86.ActiveCfg = Release|Any CPU
		{7DFB28EE-5FDE-40E1-9E60-465B6C034F8F}.Debug|Any CPU.ActiveCfg = Debug|Any CPU
		{7DFB28EE-5FDE-40E1-9E60-465B6C034F8F}.Debug|Any CPU.Build.0 = Debug|Any CPU
		{7DFB28EE-5FDE-40E1-9E60-465B6C034F8F}.Debug|Mixed Platforms.ActiveCfg = Debug|Any CPU
		{7DFB28EE-5FDE-40E1-9E60-465B6C034F8F}.Debug|Mixed Platforms.Build.0 = Debug|Any CPU
		{7DFB28EE-5FDE-40E1-9E60-465B6C034F8F}.Debug|x86.ActiveCfg = Debug|Any CPU
		{7DFB28EE-5FDE-40E1-9E60-465B6C034F8F}.Release|Any CPU.ActiveCfg = Release|Any CPU
		{7DFB28EE-5FDE-40E1-9E60-465B6C034F8F}.Release|Any CPU.Build.0 = Release|Any CPU
		{7DFB28EE-5FDE-40E1-9E60-465B6C034F8F}.Release|Mixed Platforms.ActiveCfg = Release|Any CPU
		{7DFB28EE-5FDE-40E1-9E60-465B6C034F8F}.Release|Mixed Platforms.Build.0 = Release|Any CPU
		{7DFB28EE-5FDE-40E1-9E60-465B6C034F8F}.Release|x86.ActiveCfg = Release|Any CPU
		{36D4B098-A21C-4725-ACD3-400922885F38}.Debug|Any CPU.ActiveCfg = Debug|Any CPU
		{36D4B098-A21C-4725-ACD3-400922885F38}.Debug|Any CPU.Build.0 = Debug|Any CPU
		{36D4B098-A21C-4725-ACD3-400922885F38}.Debug|Mixed Platforms.ActiveCfg = Debug|Any CPU
		{36D4B098-A21C-4725-ACD3-400922885F38}.Debug|Mixed Platforms.Build.0 = Debug|Any CPU
		{36D4B098-A21C-4725-ACD3-400922885F38}.Debug|x86.ActiveCfg = Debug|Any CPU
		{36D4B098-A21C-4725-ACD3-400922885F38}.Release|Any CPU.ActiveCfg = Release|Any CPU
		{36D4B098-A21C-4725-ACD3-400922885F38}.Release|Any CPU.Build.0 = Release|Any CPU
		{36D4B098-A21C-4725-ACD3-400922885F38}.Release|Mixed Platforms.ActiveCfg = Release|Any CPU
		{36D4B098-A21C-4725-ACD3-400922885F38}.Release|Mixed Platforms.Build.0 = Release|Any CPU
		{36D4B098-A21C-4725-ACD3-400922885F38}.Release|x86.ActiveCfg = Release|Any CPU
		{BB807B7F-FCFC-424C-B38F-74E8147245B6}.Debug|Any CPU.ActiveCfg = Debug|Any CPU
		{BB807B7F-FCFC-424C-B38F-74E8147245B6}.Debug|Any CPU.Build.0 = Debug|Any CPU
		{BB807B7F-FCFC-424C-B38F-74E8147245B6}.Debug|Mixed Platforms.ActiveCfg = Debug|Any CPU
		{BB807B7F-FCFC-424C-B38F-74E8147245B6}.Debug|Mixed Platforms.Build.0 = Debug|Any CPU
		{BB807B7F-FCFC-424C-B38F-74E8147245B6}.Debug|x86.ActiveCfg = Debug|Any CPU
		{BB807B7F-FCFC-424C-B38F-74E8147245B6}.Release|Any CPU.ActiveCfg = Release|Any CPU
		{BB807B7F-FCFC-424C-B38F-74E8147245B6}.Release|Any CPU.Build.0 = Release|Any CPU
		{BB807B7F-FCFC-424C-B38F-74E8147245B6}.Release|Mixed Platforms.ActiveCfg = Release|Any CPU
		{BB807B7F-FCFC-424C-B38F-74E8147245B6}.Release|Mixed Platforms.Build.0 = Release|Any CPU
		{BB807B7F-FCFC-424C-B38F-74E8147245B6}.Release|x86.ActiveCfg = Release|Any CPU
	EndGlobalSection
	GlobalSection(SolutionProperties) = preSolution
		HideSolutionNode = FALSE
	EndGlobalSection
	GlobalSection(NestedProjects) = preSolution
		{E03C0662-1760-4A3E-A868-1B0C2E1CEDB1} = {68344715-AA51-4898-AB1C-53A72456FB3E}
		{0E319A42-1CFD-4557-8034-99ED1992CFEB} = {68344715-AA51-4898-AB1C-53A72456FB3E}
		{0B9DB3A8-CC8D-40AF-BC03-3D0BDA71AA19} = {12399114-C04B-42F7-88B1-146D2758D939}
		{7DFB28EE-5FDE-40E1-9E60-465B6C034F8F} = {12399114-C04B-42F7-88B1-146D2758D939}
		{36D4B098-A21C-4725-ACD3-400922885F38} = {12399114-C04B-42F7-88B1-146D2758D939}
		{BB807B7F-FCFC-424C-B38F-74E8147245B6} = {12399114-C04B-42F7-88B1-146D2758D939}
	EndGlobalSection
EndGlobal
